
Microsoft Visual Studio Solution File, Format Version 11.00
# Visual Studio 2010
# SharpDevelop 4.4
Project("{FAE04EC0-301F-11D3-BF4B-00C04F79EFBC}") = "e3TxtSubst", "e3TxtSubst\e3TxtSubst.csproj", "{38B431D0-0E7D-422F-A313-21EB299A31D4}"
EndProject
Global
	GlobalSection(SolutionConfigurationPlatforms) = preSolution
		Debug|Any CPU = Debug|Any CPU
		Release|Any CPU = Release|Any CPU
	EndGlobalSection
	GlobalSection(ProjectConfigurationPlatforms) = postSolution
		{38B431D0-0E7D-422F-A313-21EB299A31D4}.Debug|Any CPU.Build.0 = Debug|Any CPU
		{38B431D0-0E7D-422F-A313-21EB299A31D4}.Debug|Any CPU.ActiveCfg = Debug|Any CPU
		{38B431D0-0E7D-422F-A313-21EB299A31D4}.Release|Any CPU.Build.0 = Release|Any CPU
		{38B431D0-0E7D-422F-A313-21EB299A31D4}.Release|Any CPU.ActiveCfg = Release|Any CPU
	EndGlobalSection
EndGlobal
